
Microsoft Visual Studio Solution File, Format Version 12.00
# Visual Studio Version 17
VisualStudioVersion = 17.9.34723.18
MinimumVisualStudioVersion = 10.0.40219.1
Project("{FAE04EC0-301F-11D3-BF4B-00C04F79EFBC}") = "WebTech_submission", "WebTech_submission\WebTech_submission.csproj", "{F6876FB1-0B1A-491D-B980-20774E68D160}"
EndProject
Global
	GlobalSection(SolutionConfigurationPlatforms) = preSolution
		Debug|Any CPU = Debug|Any CPU
		Release|Any CPU = Release|Any CPU
	EndGlobalSection
	GlobalSection(ProjectConfigurationPlatforms) = postSolution
		{F6876FB1-0B1A-491D-B980-20774E68D160}.Debug|Any CPU.ActiveCfg = Debug|Any CPU
		{F6876FB1-0B1A-491D-B980-20774E68D160}.Debug|Any CPU.Build.0 = Debug|Any CPU
		{F6876FB1-0B1A-491D-B980-20774E68D160}.Release|Any CPU.ActiveCfg = Release|Any CPU
		{F6876FB1-0B1A-491D-B980-20774E68D160}.Release|Any CPU.Build.0 = Release|Any CPU
	EndGlobalSection
	GlobalSection(SolutionProperties) = preSolution
		HideSolutionNode = FALSE
	EndGlobalSection
	GlobalSection(ExtensibilityGlobals) = postSolution
		SolutionGuid = {7B4C8A36-DF2E-4AA6-8D3B-8DB0AFBE41D5}
	EndGlobalSection
EndGlobal
